// !$*UTF8*$!
{
	archiveVersion = 1;
	classes = {
	};
	objectVersion = 46;
	objects = {

/* Begin PBXBuildFile section */
		925465AD1DAFB51600D4E20D /* UIColorHelper.m in Sources */ = {isa = PBXBuildFile; fileRef = 921086151DAFB213005BECA4 /* UIColorHelper.m */; };
		925465AE1DAFB51600D4E20D /* UIFontHelper.m in Sources */ = {isa = PBXBuildFile; fileRef = 921086171DAFB213005BECA4 /* UIFontHelper.m */; };
		925465C11DAFB55D00D4E20D /* MDRippleLayer.m in Sources */ = {isa = PBXBuildFile; fileRef = 92CD81A21DAF8D7B00ACF543 /* MDRippleLayer.m */; };
		925465C51DAFB55D00D4E20D /* MDTabBar.m in Sources */ = {isa = PBXBuildFile; fileRef = 92CD81AA1DAF8D7B00ACF543 /* MDTabBar.m */; };
		925465C61DAFB55D00D4E20D /* MDTabBarViewController.m in Sources */ = {isa = PBXBuildFile; fileRef = 92CD81AC1DAF8D7B00ACF543 /* MDTabBarViewController.m */; };
		925465E21DAFBF4E00D4E20D /* UIColorHelper.h in CopyFiles */ = {isa = PBXBuildFile; fileRef = 921086141DAFB213005BECA4 /* UIColorHelper.h */; };
		925465E31DAFBF4E00D4E20D /* UIFontHelper.h in CopyFiles */ = {isa = PBXBuildFile; fileRef = 921086161DAFB213005BECA4 /* UIFontHelper.h */; };
		925465F31DAFBF4E00D4E20D /* MDConstants.h in CopyFiles */ = {isa = PBXBuildFile; fileRef = 92CD819E1DAF8D7B00ACF543 /* MDConstants.h */; };
		925465F51DAFBF4E00D4E20D /* MDRippleLayer.h in CopyFiles */ = {isa = PBXBuildFile; fileRef = 92CD81A11DAF8D7B00ACF543 /* MDRippleLayer.h */; };
		925465F91DAFBF4E00D4E20D /* MDTabBar.h in CopyFiles */ = {isa = PBXBuildFile; fileRef = 92CD81A91DAF8D7B00ACF543 /* MDTabBar.h */; };
		925465FA1DAFBF4E00D4E20D /* MDTabBarViewController.h in CopyFiles */ = {isa = PBXBuildFile; fileRef = 92CD81AB1DAF8D7B00ACF543 /* MDTabBarViewController.h */; };
		929304931DAF876B005E4CAC /* UIKit.framework in Frameworks */ = {isa = PBXBuildFile; fileRef = 929304921DAF876B005E4CAC /* UIKit.framework */; };
		929304951DAF8780005E4CAC /* Foundation.framework in Frameworks */ = {isa = PBXBuildFile; fileRef = 929304941DAF8780005E4CAC /* Foundation.framework */; };
		929304971DAF8786005E4CAC /* CoreGraphics.framework in Frameworks */ = {isa = PBXBuildFile; fileRef = 929304961DAF8786005E4CAC /* CoreGraphics.framework */; };
		B3560D8C1E0058FF003E8534 /* MDTouchGestureRecognizer.m in Sources */ = {isa = PBXBuildFile; fileRef = B3560D8B1E0058FF003E8534 /* MDTouchGestureRecognizer.m */; };
		B3560D8F1E005937003E8534 /* UIViewHelper.m in Sources */ = {isa = PBXBuildFile; fileRef = B3560D8E1E005937003E8534 /* UIViewHelper.m */; };
/* End PBXBuildFile section */

/* Begin PBXCopyFilesBuildPhase section */
		92D48EDE1DAF7412007CF4EC /* CopyFiles */ = {
			isa = PBXCopyFilesBuildPhase;
			buildActionMask = 12;
			dstPath = "include/$(PRODUCT_NAME)";
			dstSubfolderSpec = 16;
			files = (
				925465E21DAFBF4E00D4E20D /* UIColorHelper.h in CopyFiles */,
				925465E31DAFBF4E00D4E20D /* UIFontHelper.h in CopyFiles */,
				925465F31DAFBF4E00D4E20D /* MDConstants.h in CopyFiles */,
				925465F51DAFBF4E00D4E20D /* MDRippleLayer.h in CopyFiles */,
				925465F91DAFBF4E00D4E20D /* MDTabBar.h in CopyFiles */,
				925465FA1DAFBF4E00D4E20D /* MDTabBarViewController.h in CopyFiles */,
			);
			runOnlyForDeploymentPostprocessing = 0;
		};
/* End PBXCopyFilesBuildPhase section */

/* Begin PBXFileReference section */
		921086141DAFB213005BECA4 /* UIColorHelper.h */ = {isa = PBXFileReference; fileEncoding = 4; lastKnownFileType = sourcecode.c.h; path = UIColorHelper.h; sourceTree = "<group>"; };
		921086151DAFB213005BECA4 /* UIColorHelper.m */ = {isa = PBXFileReference; fileEncoding = 4; lastKnownFileType = sourcecode.c.objc; path = UIColorHelper.m; sourceTree = "<group>"; };
		921086161DAFB213005BECA4 /* UIFontHelper.h */ = {isa = PBXFileReference; fileEncoding = 4; lastKnownFileType = sourcecode.c.h; path = UIFontHelper.h; sourceTree = "<group>"; };
		921086171DAFB213005BECA4 /* UIFontHelper.m */ = {isa = PBXFileReference; fileEncoding = 4; lastKnownFileType = sourcecode.c.objc; path = UIFontHelper.m; sourceTree = "<group>"; };
		929304921DAF876B005E4CAC /* UIKit.framework */ = {isa = PBXFileReference; lastKnownFileType = wrapper.framework; name = UIKit.framework; path = System/Library/Frameworks/UIKit.framework; sourceTree = SDKROOT; };
		929304941DAF8780005E4CAC /* Foundation.framework */ = {isa = PBXFileReference; lastKnownFileType = wrapper.framework; name = Foundation.framework; path = System/Library/Frameworks/Foundation.framework; sourceTree = SDKROOT; };
		929304961DAF8786005E4CAC /* CoreGraphics.framework */ = {isa = PBXFileReference; lastKnownFileType = wrapper.framework; name = CoreGraphics.framework; path = System/Library/Frameworks/CoreGraphics.framework; sourceTree = SDKROOT; };
		92CD819E1DAF8D7B00ACF543 /* MDConstants.h */ = {isa = PBXFileReference; fileEncoding = 4; lastKnownFileType = sourcecode.c.h; path = MDConstants.h; sourceTree = "<group>"; };
		92CD81A11DAF8D7B00ACF543 /* MDRippleLayer.h */ = {isa = PBXFileReference; fileEncoding = 4; lastKnownFileType = sourcecode.c.h; path = MDRippleLayer.h; sourceTree = "<group>"; };
		92CD81A21DAF8D7B00ACF543 /* MDRippleLayer.m */ = {isa = PBXFileReference; fileEncoding = 4; lastKnownFileType = sourcecode.c.objc; path = MDRippleLayer.m; sourceTree = "<group>"; };
		92CD81A91DAF8D7B00ACF543 /* MDTabBar.h */ = {isa = PBXFileReference; fileEncoding = 4; lastKnownFileType = sourcecode.c.h; path = MDTabBar.h; sourceTree = "<group>"; };
		92CD81AA1DAF8D7B00ACF543 /* MDTabBar.m */ = {isa = PBXFileReference; fileEncoding = 4; lastKnownFileType = sourcecode.c.objc; path = MDTabBar.m; sourceTree = "<group>"; };
		92CD81AB1DAF8D7B00ACF543 /* MDTabBarViewController.h */ = {isa = PBXFileReference; fileEncoding = 4; lastKnownFileType = sourcecode.c.h; path = MDTabBarViewController.h; sourceTree = "<group>"; };
		92CD81AC1DAF8D7B00ACF543 /* MDTabBarViewController.m */ = {isa = PBXFileReference; fileEncoding = 4; lastKnownFileType = sourcecode.c.objc; path = MDTabBarViewController.m; sourceTree = "<group>"; };
		92D48EE01DAF7412007CF4EC /* libMaterialControls.a */ = {isa = PBXFileReference; explicitFileType = archive.ar; includeInIndex = 0; path = libMaterialControls.a; sourceTree = BUILT_PRODUCTS_DIR; };
		B3560D8A1E0058FF003E8534 /* MDTouchGestureRecognizer.h */ = {isa = PBXFileReference; fileEncoding = 4; lastKnownFileType = sourcecode.c.h; path = MDTouchGestureRecognizer.h; sourceTree = "<group>"; };
		B3560D8B1E0058FF003E8534 /* MDTouchGestureRecognizer.m */ = {isa = PBXFileReference; fileEncoding = 4; lastKnownFileType = sourcecode.c.objc; path = MDTouchGestureRecognizer.m; sourceTree = "<group>"; };
		B3560D8D1E005937003E8534 /* UIViewHelper.h */ = {isa = PBXFileReference; fileEncoding = 4; lastKnownFileType = sourcecode.c.h; path = UIViewHelper.h; sourceTree = "<group>"; };
		B3560D8E1E005937003E8534 /* UIViewHelper.m */ = {isa = PBXFileReference; fileEncoding = 4; lastKnownFileType = sourcecode.c.objc; path = UIViewHelper.m; sourceTree = "<group>"; };
/* End PBXFileReference section */

/* Begin PBXFrameworksBuildPhase section */
		92D48EDD1DAF7412007CF4EC /* Frameworks */ = {
			isa = PBXFrameworksBuildPhase;
			buildActionMask = 2147483647;
			files = (
				929304971DAF8786005E4CAC /* CoreGraphics.framework in Frameworks */,
				929304951DAF8780005E4CAC /* Foundation.framework in Frameworks */,
				929304931DAF876B005E4CAC /* UIKit.framework in Frameworks */,
			);
			runOnlyForDeploymentPostprocessing = 0;
		};
/* End PBXFrameworksBuildPhase section */

/* Begin PBXGroup section */
		9210860D1DAFB1EB005BECA4 /* Helpers */ = {
			isa = PBXGroup;
			children = (
				921086141DAFB213005BECA4 /* UIColorHelper.h */,
				921086151DAFB213005BECA4 /* UIColorHelper.m */,
				921086161DAFB213005BECA4 /* UIFontHelper.h */,
				921086171DAFB213005BECA4 /* UIFontHelper.m */,
				B3560D8D1E005937003E8534 /* UIViewHelper.h */,
				B3560D8E1E005937003E8534 /* UIViewHelper.m */,
			);
			name = Helpers;
			sourceTree = "<group>";
		};
		929304911DAF876B005E4CAC /* Frameworks */ = {
			isa = PBXGroup;
			children = (
				929304961DAF8786005E4CAC /* CoreGraphics.framework */,
				929304941DAF8780005E4CAC /* Foundation.framework */,
				929304921DAF876B005E4CAC /* UIKit.framework */,
			);
			name = Frameworks;
			sourceTree = "<group>";
		};
		92D48ED71DAF7412007CF4EC = {
			isa = PBXGroup;
			children = (
				92D48EE21DAF7412007CF4EC /* MaterialControls */,
				92D48EE11DAF7412007CF4EC /* Products */,
				929304911DAF876B005E4CAC /* Frameworks */,
			);
			sourceTree = "<group>";
		};
		92D48EE11DAF7412007CF4EC /* Products */ = {
			isa = PBXGroup;
			children = (
				92D48EE01DAF7412007CF4EC /* libMaterialControls.a */,
			);
			name = Products;
			sourceTree = "<group>";
		};
		92D48EE21DAF7412007CF4EC /* MaterialControls */ = {
			isa = PBXGroup;
			children = (
				9210860D1DAFB1EB005BECA4 /* Helpers */,
				92CD819E1DAF8D7B00ACF543 /* MDConstants.h */,
				92CD81A11DAF8D7B00ACF543 /* MDRippleLayer.h */,
				92CD81A21DAF8D7B00ACF543 /* MDRippleLayer.m */,
				92CD81A91DAF8D7B00ACF543 /* MDTabBar.h */,
				92CD81AA1DAF8D7B00ACF543 /* MDTabBar.m */,
				92CD81AB1DAF8D7B00ACF543 /* MDTabBarViewController.h */,
				92CD81AC1DAF8D7B00ACF543 /* MDTabBarViewController.m */,
				B3560D8A1E0058FF003E8534 /* MDTouchGestureRecognizer.h */,
				B3560D8B1E0058FF003E8534 /* MDTouchGestureRecognizer.m */,
			);
			path = MaterialControls;
			sourceTree = "<group>";
		};
/* End PBXGroup section */

/* Begin PBXNativeTarget section */
		92D48EDF1DAF7412007CF4EC /* MaterialControls */ = {
			isa = PBXNativeTarget;
			buildConfigurationList = 92D48EE91DAF7412007CF4EC /* Build configuration list for PBXNativeTarget "MaterialControls" */;
			buildPhases = (
				92D48EDC1DAF7412007CF4EC /* Sources */,
				92D48EDD1DAF7412007CF4EC /* Frameworks */,
				92D48EDE1DAF7412007CF4EC /* CopyFiles */,
			);
			buildRules = (
			);
			dependencies = (
			);
			name = MaterialControls;
			productName = MaterialControls;
			productReference = 92D48EE01DAF7412007CF4EC /* libMaterialControls.a */;
			productType = "com.apple.product-type.library.static";
		};
/* End PBXNativeTarget section */

/* Begin PBXProject section */
		92D48ED81DAF7412007CF4EC /* Project object */ = {
			isa = PBXProject;
			attributes = {
				LastUpgradeCheck = 0800;
				ORGANIZATIONNAME = "FPT Software";
				TargetAttributes = {
					92D48EDF1DAF7412007CF4EC = {
						CreatedOnToolsVersion = 8.0;
						DevelopmentTeam = 854MF4G8EF;
						ProvisioningStyle = Automatic;
					};
				};
			};
			buildConfigurationList = 92D48EDB1DAF7412007CF4EC /* Build configuration list for PBXProject "MaterialControls" */;
			compatibilityVersion = "Xcode 3.2";
			developmentRegion = English;
			hasScannedForEncodings = 0;
			knownRegions = (
				en,
			);
			mainGroup = 92D48ED71DAF7412007CF4EC;
			productRefGroup = 92D48EE11DAF7412007CF4EC /* Products */;
			projectDirPath = "";
			projectRoot = "";
			targets = (
				92D48EDF1DAF7412007CF4EC /* MaterialControls */,
			);
		};
/* End PBXProject section */

/* Begin PBXSourcesBuildPhase section */
		92D48EDC1DAF7412007CF4EC /* Sources */ = {
			isa = PBXSourcesBuildPhase;
			buildActionMask = 2147483647;
			files = (
				925465C11DAFB55D00D4E20D /* MDRippleLayer.m in Sources */,
				B3560D8C1E0058FF003E8534 /* MDTouchGestureRecognizer.m in Sources */,
				B3560D8F1E005937003E8534 /* UIViewHelper.m in Sources */,
				925465C51DAFB55D00D4E20D /* MDTabBar.m in Sources */,
				925465C61DAFB55D00D4E20D /* MDTabBarViewController.m in Sources */,
				925465AD1DAFB51600D4E20D /* UIColorHelper.m in Sources */,
				925465AE1DAFB51600D4E20D /* UIFontHelper.m in Sources */,
			);
			runOnlyForDeploymentPostprocessing = 0;
		};
/* End PBXSourcesBuildPhase section */

/* Begin XCBuildConfiguration section */
		92D48EE71DAF7412007CF4EC /* Debug */ = {
			isa = XCBuildConfiguration;
			buildSettings = {
				ALWAYS_SEARCH_USER_PATHS = NO;
				CLANG_ANALYZER_NONNULL = YES;
				CLANG_CXX_LANGUAGE_STANDARD = "gnu++0x";
				CLANG_CXX_LIBRARY = "libc++";
				CLANG_ENABLE_MODULES = YES;
				CLANG_ENABLE_OBJC_ARC = YES;
				CLANG_WARN_BOOL_CONVERSION = YES;
				CLANG_WARN_CONSTANT_CONVERSION = YES;
				CLANG_WARN_DIRECT_OBJC_ISA_USAGE = YES_ERROR;
				CLANG_WARN_DOCUMENTATION_COMMENTS = YES;
				CLANG_WARN_EMPTY_BODY = YES;
				CLANG_WARN_ENUM_CONVERSION = YES;
				CLANG_WARN_INFINITE_RECURSION = YES;
				CLANG_WARN_INT_CONVERSION = YES;
				CLANG_WARN_OBJC_ROOT_CLASS = YES_ERROR;
				CLANG_WARN_SUSPICIOUS_MOVES = YES;
				CLANG_WARN_UNREACHABLE_CODE = YES;
				CLANG_WARN__DUPLICATE_METHOD_MATCH = YES;
				"CODE_SIGN_IDENTITY[sdk=iphoneos*]" = "iPhone Developer";
				COPY_PHASE_STRIP = NO;
				DEBUG_INFORMATION_FORMAT = dwarf;
				ENABLE_STRICT_OBJC_MSGSEND = YES;
				ENABLE_TESTABILITY = YES;
				GCC_C_LANGUAGE_STANDARD = gnu99;
				GCC_DYNAMIC_NO_PIC = NO;
				GCC_NO_COMMON_BLOCKS = YES;
				GCC_OPTIMIZATION_LEVEL = 0;
				GCC_PREPROCESSOR_DEFINITIONS = (
					"DEBUG=1",
					"$(inherited)",
				);
				GCC_WARN_64_TO_32_BIT_CONVERSION = YES;
				GCC_WARN_ABOUT_RETURN_TYPE = YES_ERROR;
				GCC_WARN_UNDECLARED_SELECTOR = YES;
				GCC_WARN_UNINITIALIZED_AUTOS = YES_AGGRESSIVE;
				GCC_WARN_UNUSED_FUNCTION = YES;
				GCC_WARN_UNUSED_VARIABLE = YES;
				IPHONEOS_DEPLOYMENT_TARGET = 10.0;
				MTL_ENABLE_DEBUG_INFO = YES;
				ONLY_ACTIVE_ARCH = YES;
				SDKROOT = iphoneos;
			};
			name = Debug;
		};
		92D48EE81DAF7412007CF4EC /* Release */ = {
			isa = XCBuildConfiguration;
			buildSettings = {
				ALWAYS_SEARCH_USER_PATHS = NO;
				CLANG_ANALYZER_NONNULL = YES;
				CLANG_CXX_LANGUAGE_STANDARD = "gnu++0x";
				CLANG_CXX_LIBRARY = "libc++";
				CLANG_ENABLE_MODULES = YES;
				CLANG_ENABLE_OBJC_ARC = YES;
				CLANG_WARN_BOOL_CONVERSION = YES;
				CLANG_WARN_CONSTANT_CONVERSION = YES;
				CLANG_WARN_DIRECT_OBJC_ISA_USAGE = YES_ERROR;
				CLANG_WARN_DOCUMENTATION_COMMENTS = YES;
				CLANG_WARN_EMPTY_BODY = YES;
				CLANG_WARN_ENUM_CONVERSION = YES;
				CLANG_WARN_INFINITE_RECURSION = YES;
				CLANG_WARN_INT_CONVERSION = YES;
				CLANG_WARN_OBJC_ROOT_CLASS = YES_ERROR;
				CLANG_WARN_SUSPICIOUS_MOVES = YES;
				CLANG_WARN_UNREACHABLE_CODE = YES;
				CLANG_WARN__DUPLICATE_METHOD_MATCH = YES;
				"CODE_SIGN_IDENTITY[sdk=iphoneos*]" = "iPhone Developer";
				COPY_PHASE_STRIP = NO;
				DEBUG_INFORMATION_FORMAT = "dwarf-with-dsym";
				ENABLE_NS_ASSERTIONS = NO;
				ENABLE_STRICT_OBJC_MSGSEND = YES;
				GCC_C_LANGUAGE_STANDARD = gnu99;
				GCC_NO_COMMON_BLOCKS = YES;
				GCC_WARN_64_TO_32_BIT_CONVERSION = YES;
				GCC_WARN_ABOUT_RETURN_TYPE = YES_ERROR;
				GCC_WARN_UNDECLARED_SELECTOR = YES;
				GCC_WARN_UNINITIALIZED_AUTOS = YES_AGGRESSIVE;
				GCC_WARN_UNUSED_FUNCTION = YES;
				GCC_WARN_UNUSED_VARIABLE = YES;
				IPHONEOS_DEPLOYMENT_TARGET = 10.0;
				MTL_ENABLE_DEBUG_INFO = NO;
				SDKROOT = iphoneos;
				VALIDATE_PRODUCT = YES;
			};
			name = Release;
		};
		92D48EEA1DAF7412007CF4EC /* Debug */ = {
			isa = XCBuildConfiguration;
			buildSettings = {
				DEVELOPMENT_TEAM = 854MF4G8EF;
				OTHER_LDFLAGS = "-ObjC";
				PRODUCT_NAME = "$(TARGET_NAME)";
				SKIP_INSTALL = NO;
			};
			name = Debug;
		};
		92D48EEB1DAF7412007CF4EC /* Release */ = {
			isa = XCBuildConfiguration;
			buildSettings = {
				DEVELOPMENT_TEAM = 854MF4G8EF;
				OTHER_LDFLAGS = "-ObjC";
				PRODUCT_NAME = "$(TARGET_NAME)";
				SKIP_INSTALL = NO;
			};
			name = Release;
		};
/* End XCBuildConfiguration section */

/* Begin XCConfigurationList section */
		92D48EDB1DAF7412007CF4EC /* Build configuration list for PBXProject "MaterialControls" */ = {
			isa = XCConfigurationList;
			buildConfigurations = (
				92D48EE71DAF7412007CF4EC /* Debug */,
				92D48EE81DAF7412007CF4EC /* Release */,
			);
			defaultConfigurationIsVisible = 0;
			defaultConfigurationName = Release;
		};
		92D48EE91DAF7412007CF4EC /* Build configuration list for PBXNativeTarget "MaterialControls" */ = {
			isa = XCConfigurationList;
			buildConfigurations = (
				92D48EEA1DAF7412007CF4EC /* Debug */,
				92D48EEB1DAF7412007CF4EC /* Release */,
			);
			defaultConfigurationIsVisible = 0;
			defaultConfigurationName = Release;
		};
/* End XCConfigurationList section */
	};
	rootObject = 92D48ED81DAF7412007CF4EC /* Project object */;
}
