// !$*UTF8*$!
{
	archiveVersion = 1;
	classes = {
	};
	objectVersion = 46;
	objects = {

/* Begin PBXBuildFile section */
		921085601DAF9FFF005BECA4 /* main.m in Sources */ = {isa = PBXBuildFile; fileRef = 9210855F1DAF9FFF005BECA4 /* main.m */; };
		921085631DAF9FFF005BECA4 /* AppDelegate.m in Sources */ = {isa = PBXBuildFile; fileRef = 921085621DAF9FFF005BECA4 /* AppDelegate.m */; };
		9210856C1DAF9FFF005BECA4 /* Main.storyboard in Resources */ = {isa = PBXBuildFile; fileRef = 9210856A1DAF9FFF005BECA4 /* Main.storyboard */; };
		9210856E1DAF9FFF005BECA4 /* Assets.xcassets in Resources */ = {isa = PBXBuildFile; fileRef = 9210856D1DAF9FFF005BECA4 /* Assets.xcassets */; };
		921085711DAF9FFF005BECA4 /* LaunchScreen.storyboard in Resources */ = {isa = PBXBuildFile; fileRef = 9210856F1DAF9FFF005BECA4 /* LaunchScreen.storyboard */; };
		921085B71DAFA197005BECA4 /* LaunchScreen.storyboard in Resources */ = {isa = PBXBuildFile; fileRef = 9210857A1DAFA197005BECA4 /* LaunchScreen.storyboard */; };
		921085B81DAFA197005BECA4 /* Main.storyboard in Resources */ = {isa = PBXBuildFile; fileRef = 9210857C1DAFA197005BECA4 /* Main.storyboard */; };
		921085B91DAFA197005BECA4 /* Main.storyboard__ in Resources */ = {isa = PBXBuildFile; fileRef = 9210857E1DAFA197005BECA4 /* Main.storyboard__ */; };
		921085C51DAFA197005BECA4 /* MockData.m in Sources */ = {isa = PBXBuildFile; fileRef = 921085911DAFA197005BECA4 /* MockData.m */; };
		921085D01DAFA197005BECA4 /* TabBarViewController.m in Sources */ = {isa = PBXBuildFile; fileRef = 921085A21DAFA197005BECA4 /* TabBarViewController.m */; };
		921085D11DAFA197005BECA4 /* TabBarViewController.xib in Resources */ = {isa = PBXBuildFile; fileRef = 921085A31DAFA197005BECA4 /* TabBarViewController.xib */; };
		921085D21DAFA197005BECA4 /* TabBarViewControllerViewController.m in Sources */ = {isa = PBXBuildFile; fileRef = 921085A51DAFA197005BECA4 /* TabBarViewControllerViewController.m */; };
		921085D31DAFA197005BECA4 /* TabBarViewControllerViewController.xib in Resources */ = {isa = PBXBuildFile; fileRef = 921085A61DAFA197005BECA4 /* TabBarViewControllerViewController.xib */; };
		925466011DAFC43400D4E20D /* libMaterialControls.a in Frameworks */ = {isa = PBXBuildFile; fileRef = 921085DF1DAFA1F8005BECA4 /* libMaterialControls.a */; };
		B3560D911E005A3F003E8534 /* MasterViewController.m in Sources */ = {isa = PBXBuildFile; fileRef = B3560D901E005A3F003E8534 /* MasterViewController.m */; };
		B3560D951E005AD6003E8534 /* TabContentViewController.m in Sources */ = {isa = PBXBuildFile; fileRef = B3560D931E005AD6003E8534 /* TabContentViewController.m */; };
		B3560D961E005AD6003E8534 /* TabContentViewController.xib in Resources */ = {isa = PBXBuildFile; fileRef = B3560D941E005AD6003E8534 /* TabContentViewController.xib */; };
/* End PBXBuildFile section */

/* Begin PBXFileReference section */
		9210855B1DAF9FFF005BECA4 /* MaterialControls.Sample.app */ = {isa = PBXFileReference; explicitFileType = wrapper.application; includeInIndex = 0; path = MaterialControls.Sample.app; sourceTree = BUILT_PRODUCTS_DIR; };
		9210855F1DAF9FFF005BECA4 /* main.m */ = {isa = PBXFileReference; lastKnownFileType = sourcecode.c.objc; path = main.m; sourceTree = "<group>"; };
		921085611DAF9FFF005BECA4 /* AppDelegate.h */ = {isa = PBXFileReference; lastKnownFileType = sourcecode.c.h; path = AppDelegate.h; sourceTree = "<group>"; };
		921085621DAF9FFF005BECA4 /* AppDelegate.m */ = {isa = PBXFileReference; lastKnownFileType = sourcecode.c.objc; path = AppDelegate.m; sourceTree = "<group>"; };
		921085641DAF9FFF005BECA4 /* MasterViewController.h */ = {isa = PBXFileReference; lastKnownFileType = sourcecode.c.h; path = MasterViewController.h; sourceTree = "<group>"; };
		9210856B1DAF9FFF005BECA4 /* Base */ = {isa = PBXFileReference; lastKnownFileType = file.storyboard; name = Base; path = Base.lproj/Main.storyboard; sourceTree = "<group>"; };
		9210856D1DAF9FFF005BECA4 /* Assets.xcassets */ = {isa = PBXFileReference; lastKnownFileType = folder.assetcatalog; path = Assets.xcassets; sourceTree = "<group>"; };
		921085701DAF9FFF005BECA4 /* Base */ = {isa = PBXFileReference; lastKnownFileType = file.storyboard; name = Base; path = Base.lproj/LaunchScreen.storyboard; sourceTree = "<group>"; };
		921085721DAF9FFF005BECA4 /* Info.plist */ = {isa = PBXFileReference; lastKnownFileType = text.plist.xml; path = Info.plist; sourceTree = "<group>"; };
		9210857B1DAFA197005BECA4 /* Base */ = {isa = PBXFileReference; lastKnownFileType = file.storyboard; name = Base; path = LaunchScreen.storyboard; sourceTree = "<group>"; };
		9210857D1DAFA197005BECA4 /* Base */ = {isa = PBXFileReference; lastKnownFileType = file.storyboard; name = Base; path = Main.storyboard; sourceTree = "<group>"; };
		9210857F1DAFA197005BECA4 /* Base */ = {isa = PBXFileReference; lastKnownFileType = text.xml; name = Base; path = Main.storyboard__; sourceTree = "<group>"; };
		921085901DAFA197005BECA4 /* MockData.h */ = {isa = PBXFileReference; fileEncoding = 4; lastKnownFileType = sourcecode.c.h; path = MockData.h; sourceTree = "<group>"; };
		921085911DAFA197005BECA4 /* MockData.m */ = {isa = PBXFileReference; fileEncoding = 4; lastKnownFileType = sourcecode.c.objc; path = MockData.m; sourceTree = "<group>"; };
		921085A11DAFA197005BECA4 /* TabBarViewController.h */ = {isa = PBXFileReference; fileEncoding = 4; lastKnownFileType = sourcecode.c.h; path = TabBarViewController.h; sourceTree = "<group>"; };
		921085A21DAFA197005BECA4 /* TabBarViewController.m */ = {isa = PBXFileReference; fileEncoding = 4; lastKnownFileType = sourcecode.c.objc; path = TabBarViewController.m; sourceTree = "<group>"; };
		921085A31DAFA197005BECA4 /* TabBarViewController.xib */ = {isa = PBXFileReference; fileEncoding = 4; lastKnownFileType = file.xib; path = TabBarViewController.xib; sourceTree = "<group>"; };
		921085A41DAFA197005BECA4 /* TabBarViewControllerViewController.h */ = {isa = PBXFileReference; fileEncoding = 4; lastKnownFileType = sourcecode.c.h; path = TabBarViewControllerViewController.h; sourceTree = "<group>"; };
		921085A51DAFA197005BECA4 /* TabBarViewControllerViewController.m */ = {isa = PBXFileReference; fileEncoding = 4; lastKnownFileType = sourcecode.c.objc; path = TabBarViewControllerViewController.m; sourceTree = "<group>"; };
		921085A61DAFA197005BECA4 /* TabBarViewControllerViewController.xib */ = {isa = PBXFileReference; fileEncoding = 4; lastKnownFileType = file.xib; path = TabBarViewControllerViewController.xib; sourceTree = "<group>"; };
		921085DF1DAFA1F8005BECA4 /* libMaterialControls.a */ = {isa = PBXFileReference; lastKnownFileType = archive.ar; name = libMaterialControls.a; path = "../../../../../../Users/bachpx1/Library/Developer/Xcode/DerivedData/MaterialControls-aqppaxtvkaixhvaiqejqhjnlmrgg/Build/Products/Debug-iphonesimulator/libMaterialControls.a"; sourceTree = "<group>"; };
		B3560D901E005A3F003E8534 /* MasterViewController.m */ = {isa = PBXFileReference; fileEncoding = 4; lastKnownFileType = sourcecode.c.objc; path = MasterViewController.m; sourceTree = "<group>"; };
		B3560D921E005AD6003E8534 /* TabContentViewController.h */ = {isa = PBXFileReference; fileEncoding = 4; lastKnownFileType = sourcecode.c.h; path = TabContentViewController.h; sourceTree = "<group>"; };
		B3560D931E005AD6003E8534 /* TabContentViewController.m */ = {isa = PBXFileReference; fileEncoding = 4; lastKnownFileType = sourcecode.c.objc; path = TabContentViewController.m; sourceTree = "<group>"; };
		B3560D941E005AD6003E8534 /* TabContentViewController.xib */ = {isa = PBXFileReference; fileEncoding = 4; lastKnownFileType = file.xib; path = TabContentViewController.xib; sourceTree = "<group>"; };
/* End PBXFileReference section */

/* Begin PBXFrameworksBuildPhase section */
		921085581DAF9FFF005BECA4 /* Frameworks */ = {
			isa = PBXFrameworksBuildPhase;
			buildActionMask = 2147483647;
			files = (
				925466011DAFC43400D4E20D /* libMaterialControls.a in Frameworks */,
			);
			runOnlyForDeploymentPostprocessing = 0;
		};
/* End PBXFrameworksBuildPhase section */

/* Begin PBXGroup section */
		921085521DAF9FFF005BECA4 = {
			isa = PBXGroup;
			children = (
				9210855D1DAF9FFF005BECA4 /* MaterialControls.Sample */,
				9210855C1DAF9FFF005BECA4 /* Products */,
				921085DE1DAFA1F8005BECA4 /* Frameworks */,
			);
			sourceTree = "<group>";
		};
		9210855C1DAF9FFF005BECA4 /* Products */ = {
			isa = PBXGroup;
			children = (
				9210855B1DAF9FFF005BECA4 /* MaterialControls.Sample.app */,
			);
			name = Products;
			sourceTree = "<group>";
		};
		9210855D1DAF9FFF005BECA4 /* MaterialControls.Sample */ = {
			isa = PBXGroup;
			children = (
				921085611DAF9FFF005BECA4 /* AppDelegate.h */,
				921085621DAF9FFF005BECA4 /* AppDelegate.m */,
				9210856D1DAF9FFF005BECA4 /* Assets.xcassets */,
				921085791DAFA197005BECA4 /* Base.lproj */,
				921085721DAF9FFF005BECA4 /* Info.plist */,
				9210856F1DAF9FFF005BECA4 /* LaunchScreen.storyboard */,
				9210856A1DAF9FFF005BECA4 /* Main.storyboard */,
				921085641DAF9FFF005BECA4 /* MasterViewController.h */,
				B3560D901E005A3F003E8534 /* MasterViewController.m */,
				921085901DAFA197005BECA4 /* MockData.h */,
				921085911DAFA197005BECA4 /* MockData.m */,
				9210855E1DAF9FFF005BECA4 /* Supporting Files */,
				921085A11DAFA197005BECA4 /* TabBarViewController.h */,
				921085A21DAFA197005BECA4 /* TabBarViewController.m */,
				921085A31DAFA197005BECA4 /* TabBarViewController.xib */,
				921085A41DAFA197005BECA4 /* TabBarViewControllerViewController.h */,
				921085A51DAFA197005BECA4 /* TabBarViewControllerViewController.m */,
				921085A61DAFA197005BECA4 /* TabBarViewControllerViewController.xib */,
				B3560D921E005AD6003E8534 /* TabContentViewController.h */,
				B3560D931E005AD6003E8534 /* TabContentViewController.m */,
				B3560D941E005AD6003E8534 /* TabContentViewController.xib */,
			);
			path = MaterialControls.Sample;
			sourceTree = "<group>";
		};
		9210855E1DAF9FFF005BECA4 /* Supporting Files */ = {
			isa = PBXGroup;
			children = (
				9210855F1DAF9FFF005BECA4 /* main.m */,
			);
			name = "Supporting Files";
			sourceTree = "<group>";
		};
		921085791DAFA197005BECA4 /* Base.lproj */ = {
			isa = PBXGroup;
			children = (
				9210857A1DAFA197005BECA4 /* LaunchScreen.storyboard */,
				9210857C1DAFA197005BECA4 /* Main.storyboard */,
				9210857E1DAFA197005BECA4 /* Main.storyboard__ */,
			);
			path = Base.lproj;
			sourceTree = "<group>";
		};
		921085DE1DAFA1F8005BECA4 /* Frameworks */ = {
			isa = PBXGroup;
			children = (
				921085DF1DAFA1F8005BECA4 /* libMaterialControls.a */,
			);
			name = Frameworks;
			sourceTree = "<group>";
		};
/* End PBXGroup section */

/* Begin PBXNativeTarget section */
		9210855A1DAF9FFF005BECA4 /* MaterialControls.Sample */ = {
			isa = PBXNativeTarget;
			buildConfigurationList = 921085751DAF9FFF005BECA4 /* Build configuration list for PBXNativeTarget "MaterialControls.Sample" */;
			buildPhases = (
				921085571DAF9FFF005BECA4 /* Sources */,
				921085581DAF9FFF005BECA4 /* Frameworks */,
				921085591DAF9FFF005BECA4 /* Resources */,
			);
			buildRules = (
			);
			dependencies = (
			);
			name = MaterialControls.Sample;
			productName = MaterialControls.Sample;
			productReference = 9210855B1DAF9FFF005BECA4 /* MaterialControls.Sample.app */;
			productType = "com.apple.product-type.application";
		};
/* End PBXNativeTarget section */

/* Begin PBXProject section */
		921085531DAF9FFF005BECA4 /* Project object */ = {
			isa = PBXProject;
			attributes = {
				LastUpgradeCheck = 0800;
				ORGANIZATIONNAME = "FPT Software";
				TargetAttributes = {
					9210855A1DAF9FFF005BECA4 = {
						CreatedOnToolsVersion = 8.0;
						DevelopmentTeam = 854MF4G8EF;
						ProvisioningStyle = Automatic;
					};
				};
			};
			buildConfigurationList = 921085561DAF9FFF005BECA4 /* Build configuration list for PBXProject "MaterialControls.Sample" */;
			compatibilityVersion = "Xcode 3.2";
			developmentRegion = English;
			hasScannedForEncodings = 0;
			knownRegions = (
				en,
				Base,
			);
			mainGroup = 921085521DAF9FFF005BECA4;
			productRefGroup = 9210855C1DAF9FFF005BECA4 /* Products */;
			projectDirPath = "";
			projectRoot = "";
			targets = (
				9210855A1DAF9FFF005BECA4 /* MaterialControls.Sample */,
			);
		};
/* End PBXProject section */

/* Begin PBXResourcesBuildPhase section */
		921085591DAF9FFF005BECA4 /* Resources */ = {
			isa = PBXResourcesBuildPhase;
			buildActionMask = 2147483647;
			files = (
				921085D31DAFA197005BECA4 /* TabBarViewControllerViewController.xib in Resources */,
				921085B91DAFA197005BECA4 /* Main.storyboard__ in Resources */,
				B3560D961E005AD6003E8534 /* TabContentViewController.xib in Resources */,
				921085D11DAFA197005BECA4 /* TabBarViewController.xib in Resources */,
				921085711DAF9FFF005BECA4 /* LaunchScreen.storyboard in Resources */,
				9210856E1DAF9FFF005BECA4 /* Assets.xcassets in Resources */,
				921085B81DAFA197005BECA4 /* Main.storyboard in Resources */,
				921085B71DAFA197005BECA4 /* LaunchScreen.storyboard in Resources */,
				9210856C1DAF9FFF005BECA4 /* Main.storyboard in Resources */,
			);
			runOnlyForDeploymentPostprocessing = 0;
		};
/* End PBXResourcesBuildPhase section */

/* Begin PBXSourcesBuildPhase section */
		921085571DAF9FFF005BECA4 /* Sources */ = {
			isa = PBXSourcesBuildPhase;
			buildActionMask = 2147483647;
			files = (
				921085631DAF9FFF005BECA4 /* AppDelegate.m in Sources */,
				921085D21DAFA197005BECA4 /* TabBarViewControllerViewController.m in Sources */,
				921085D01DAFA197005BECA4 /* TabBarViewController.m in Sources */,
				921085C51DAFA197005BECA4 /* MockData.m in Sources */,
				B3560D911E005A3F003E8534 /* MasterViewController.m in Sources */,
				921085601DAF9FFF005BECA4 /* main.m in Sources */,
				B3560D951E005AD6003E8534 /* TabContentViewController.m in Sources */,
			);
			runOnlyForDeploymentPostprocessing = 0;
		};
/* End PBXSourcesBuildPhase section */

/* Begin PBXVariantGroup section */
		9210856A1DAF9FFF005BECA4 /* Main.storyboard */ = {
			isa = PBXVariantGroup;
			children = (
				9210856B1DAF9FFF005BECA4 /* Base */,
			);
			name = Main.storyboard;
			sourceTree = "<group>";
		};
		9210856F1DAF9FFF005BECA4 /* LaunchScreen.storyboard */ = {
			isa = PBXVariantGroup;
			children = (
				921085701DAF9FFF005BECA4 /* Base */,
			);
			name = LaunchScreen.storyboard;
			sourceTree = "<group>";
		};
		9210857A1DAFA197005BECA4 /* LaunchScreen.storyboard */ = {
			isa = PBXVariantGroup;
			children = (
				9210857B1DAFA197005BECA4 /* Base */,
			);
			name = LaunchScreen.storyboard;
			sourceTree = "<group>";
		};
		9210857C1DAFA197005BECA4 /* Main.storyboard */ = {
			isa = PBXVariantGroup;
			children = (
				9210857D1DAFA197005BECA4 /* Base */,
			);
			name = Main.storyboard;
			sourceTree = "<group>";
		};
		9210857E1DAFA197005BECA4 /* Main.storyboard__ */ = {
			isa = PBXVariantGroup;
			children = (
				9210857F1DAFA197005BECA4 /* Base */,
			);
			name = Main.storyboard__;
			sourceTree = "<group>";
		};
/* End PBXVariantGroup section */

/* Begin XCBuildConfiguration section */
		921085731DAF9FFF005BECA4 /* Debug */ = {
			isa = XCBuildConfiguration;
			buildSettings = {
				ALWAYS_SEARCH_USER_PATHS = NO;
				CLANG_ANALYZER_NONNULL = YES;
				CLANG_CXX_LANGUAGE_STANDARD = "gnu++0x";
				CLANG_CXX_LIBRARY = "libc++";
				CLANG_ENABLE_MODULES = YES;
				CLANG_ENABLE_OBJC_ARC = YES;
				CLANG_WARN_BOOL_CONVERSION = YES;
				CLANG_WARN_CONSTANT_CONVERSION = YES;
				CLANG_WARN_DIRECT_OBJC_ISA_USAGE = YES_ERROR;
				CLANG_WARN_DOCUMENTATION_COMMENTS = YES;
				CLANG_WARN_EMPTY_BODY = YES;
				CLANG_WARN_ENUM_CONVERSION = YES;
				CLANG_WARN_INFINITE_RECURSION = YES;
				CLANG_WARN_INT_CONVERSION = YES;
				CLANG_WARN_OBJC_ROOT_CLASS = YES_ERROR;
				CLANG_WARN_SUSPICIOUS_MOVES = YES;
				CLANG_WARN_UNREACHABLE_CODE = YES;
				CLANG_WARN__DUPLICATE_METHOD_MATCH = YES;
				"CODE_SIGN_IDENTITY[sdk=iphoneos*]" = "iPhone Developer";
				COPY_PHASE_STRIP = NO;
				DEBUG_INFORMATION_FORMAT = dwarf;
				ENABLE_STRICT_OBJC_MSGSEND = YES;
				ENABLE_TESTABILITY = YES;
				GCC_C_LANGUAGE_STANDARD = gnu99;
				GCC_DYNAMIC_NO_PIC = NO;
				GCC_NO_COMMON_BLOCKS = YES;
				GCC_OPTIMIZATION_LEVEL = 0;
				GCC_PREPROCESSOR_DEFINITIONS = (
					"DEBUG=1",
					"$(inherited)",
				);
				GCC_WARN_64_TO_32_BIT_CONVERSION = YES;
				GCC_WARN_ABOUT_RETURN_TYPE = YES_ERROR;
				GCC_WARN_UNDECLARED_SELECTOR = YES;
				GCC_WARN_UNINITIALIZED_AUTOS = YES_AGGRESSIVE;
				GCC_WARN_UNUSED_FUNCTION = YES;
				GCC_WARN_UNUSED_VARIABLE = YES;
				IPHONEOS_DEPLOYMENT_TARGET = 10.0;
				MTL_ENABLE_DEBUG_INFO = YES;
				ONLY_ACTIVE_ARCH = YES;
				SDKROOT = iphoneos;
				TARGETED_DEVICE_FAMILY = "1,2";
			};
			name = Debug;
		};
		921085741DAF9FFF005BECA4 /* Release */ = {
			isa = XCBuildConfiguration;
			buildSettings = {
				ALWAYS_SEARCH_USER_PATHS = NO;
				CLANG_ANALYZER_NONNULL = YES;
				CLANG_CXX_LANGUAGE_STANDARD = "gnu++0x";
				CLANG_CXX_LIBRARY = "libc++";
				CLANG_ENABLE_MODULES = YES;
				CLANG_ENABLE_OBJC_ARC = YES;
				CLANG_WARN_BOOL_CONVERSION = YES;
				CLANG_WARN_CONSTANT_CONVERSION = YES;
				CLANG_WARN_DIRECT_OBJC_ISA_USAGE = YES_ERROR;
				CLANG_WARN_DOCUMENTATION_COMMENTS = YES;
				CLANG_WARN_EMPTY_BODY = YES;
				CLANG_WARN_ENUM_CONVERSION = YES;
				CLANG_WARN_INFINITE_RECURSION = YES;
				CLANG_WARN_INT_CONVERSION = YES;
				CLANG_WARN_OBJC_ROOT_CLASS = YES_ERROR;
				CLANG_WARN_SUSPICIOUS_MOVES = YES;
				CLANG_WARN_UNREACHABLE_CODE = YES;
				CLANG_WARN__DUPLICATE_METHOD_MATCH = YES;
				"CODE_SIGN_IDENTITY[sdk=iphoneos*]" = "iPhone Developer";
				COPY_PHASE_STRIP = NO;
				DEBUG_INFORMATION_FORMAT = "dwarf-with-dsym";
				ENABLE_NS_ASSERTIONS = NO;
				ENABLE_STRICT_OBJC_MSGSEND = YES;
				GCC_C_LANGUAGE_STANDARD = gnu99;
				GCC_NO_COMMON_BLOCKS = YES;
				GCC_WARN_64_TO_32_BIT_CONVERSION = YES;
				GCC_WARN_ABOUT_RETURN_TYPE = YES_ERROR;
				GCC_WARN_UNDECLARED_SELECTOR = YES;
				GCC_WARN_UNINITIALIZED_AUTOS = YES_AGGRESSIVE;
				GCC_WARN_UNUSED_FUNCTION = YES;
				GCC_WARN_UNUSED_VARIABLE = YES;
				IPHONEOS_DEPLOYMENT_TARGET = 10.0;
				MTL_ENABLE_DEBUG_INFO = NO;
				SDKROOT = iphoneos;
				TARGETED_DEVICE_FAMILY = "1,2";
				VALIDATE_PRODUCT = YES;
			};
			name = Release;
		};
		921085761DAF9FFF005BECA4 /* Debug */ = {
			isa = XCBuildConfiguration;
			buildSettings = {
				ALWAYS_SEARCH_USER_PATHS = YES;
				ARCHS = "$(ARCHS_STANDARD)";
				ASSETCATALOG_COMPILER_APPICON_NAME = AppIcon;
				DEVELOPMENT_TEAM = 854MF4G8EF;
				INFOPLIST_FILE = MaterialControls.Sample/Info.plist;
				LD_RUNPATH_SEARCH_PATHS = "$(inherited) @executable_path/Frameworks";
				OTHER_LDFLAGS = "-ObjC";
				PRODUCT_BUNDLE_IDENTIFIER = "com.ftp.MaterialControls-Sample";
				PRODUCT_NAME = "$(TARGET_NAME)";
			};
			name = Debug;
		};
		921085771DAF9FFF005BECA4 /* Release */ = {
			isa = XCBuildConfiguration;
			buildSettings = {
				ALWAYS_SEARCH_USER_PATHS = YES;
				ARCHS = "$(ARCHS_STANDARD)";
				ASSETCATALOG_COMPILER_APPICON_NAME = AppIcon;
				DEVELOPMENT_TEAM = 854MF4G8EF;
				INFOPLIST_FILE = MaterialControls.Sample/Info.plist;
				LD_RUNPATH_SEARCH_PATHS = "$(inherited) @executable_path/Frameworks";
				OTHER_LDFLAGS = "-ObjC";
				PRODUCT_BUNDLE_IDENTIFIER = "com.ftp.MaterialControls-Sample";
				PRODUCT_NAME = "$(TARGET_NAME)";
			};
			name = Release;
		};
/* End XCBuildConfiguration section */

/* Begin XCConfigurationList section */
		921085561DAF9FFF005BECA4 /* Build configuration list for PBXProject "MaterialControls.Sample" */ = {
			isa = XCConfigurationList;
			buildConfigurations = (
				921085731DAF9FFF005BECA4 /* Debug */,
				921085741DAF9FFF005BECA4 /* Release */,
			);
			defaultConfigurationIsVisible = 0;
			defaultConfigurationName = Release;
		};
		921085751DAF9FFF005BECA4 /* Build configuration list for PBXNativeTarget "MaterialControls.Sample" */ = {
			isa = XCConfigurationList;
			buildConfigurations = (
				921085761DAF9FFF005BECA4 /* Debug */,
				921085771DAF9FFF005BECA4 /* Release */,
			);
			defaultConfigurationIsVisible = 0;
			defaultConfigurationName = Release;
		};
/* End XCConfigurationList section */
	};
	rootObject = 921085531DAF9FFF005BECA4 /* Project object */;
}
